
Microsoft Visual Studio Solution File, Format Version 12.00
# Visual Studio Version 16
VisualStudioVersion = 16.0.30804.86
MinimumVisualStudioVersion = 10.0.40219.1
Project("{FAE04EC0-301F-11D3-BF4B-00C04F79EFBC}") = "Task4Data", "Task4Data\Task4Data.csproj", "{14A1133D-2EC3-4C47-B076-B323B5897163}"
EndProject
Project("{FAE04EC0-301F-11D3-BF4B-00C04F79EFBC}") = "Task4Service", "Task4Service\Task4Service.csproj", "{88C0C642-27F1-4746-9474-C463EF1C3FF6}"
EndProject
Project("{FAE04EC0-301F-11D3-BF4B-00C04F79EFBC}") = "Task4GUIView", "Task4GUI\Task4GUIView.csproj", "{F8A43132-6C86-4C58-B200-297AB7D3F4EF}"
EndProject
Project("{9A19103F-16F7-4668-BE54-9A1E7A4F7556}") = "Task4GUIModel", "Task4GUIModel\Task4GUIModel.csproj", "{4CDB8B29-5275-4DBA-91DB-C7D7345C0708}"
EndProject
Project("{FAE04EC0-301F-11D3-BF4B-00C04F79EFBC}") = "Task4GUIViewModel", "Task4GUIViewModel\Task4GUIViewModel.csproj", "{03654A32-D8B7-4839-9918-2A69A8E9B7C9}"
EndProject
Global
	GlobalSection(SolutionConfigurationPlatforms) = preSolution
		Debug|Any CPU = Debug|Any CPU
		Release|Any CPU = Release|Any CPU
	EndGlobalSection
	GlobalSection(ProjectConfigurationPlatforms) = postSolution
		{14A1133D-2EC3-4C47-B076-B323B5897163}.Debug|Any CPU.ActiveCfg = Debug|Any CPU
		{14A1133D-2EC3-4C47-B076-B323B5897163}.Debug|Any CPU.Build.0 = Debug|Any CPU
		{14A1133D-2EC3-4C47-B076-B323B5897163}.Release|Any CPU.ActiveCfg = Release|Any CPU
		{14A1133D-2EC3-4C47-B076-B323B5897163}.Release|Any CPU.Build.0 = Release|Any CPU
		{88C0C642-27F1-4746-9474-C463EF1C3FF6}.Debug|Any CPU.ActiveCfg = Debug|Any CPU
		{88C0C642-27F1-4746-9474-C463EF1C3FF6}.Debug|Any CPU.Build.0 = Debug|Any CPU
		{88C0C642-27F1-4746-9474-C463EF1C3FF6}.Release|Any CPU.ActiveCfg = Release|Any CPU
		{88C0C642-27F1-4746-9474-C463EF1C3FF6}.Release|Any CPU.Build.0 = Release|Any CPU
		{F8A43132-6C86-4C58-B200-297AB7D3F4EF}.Debug|Any CPU.ActiveCfg = Debug|Any CPU
		{F8A43132-6C86-4C58-B200-297AB7D3F4EF}.Debug|Any CPU.Build.0 = Debug|Any CPU
		{F8A43132-6C86-4C58-B200-297AB7D3F4EF}.Release|Any CPU.ActiveCfg = Release|Any CPU
		{F8A43132-6C86-4C58-B200-297AB7D3F4EF}.Release|Any CPU.Build.0 = Release|Any CPU
		{4CDB8B29-5275-4DBA-91DB-C7D7345C0708}.Debug|Any CPU.ActiveCfg = Debug|Any CPU
		{4CDB8B29-5275-4DBA-91DB-C7D7345C0708}.Debug|Any CPU.Build.0 = Debug|Any CPU
		{4CDB8B29-5275-4DBA-91DB-C7D7345C0708}.Release|Any CPU.ActiveCfg = Release|Any CPU
		{4CDB8B29-5275-4DBA-91DB-C7D7345C0708}.Release|Any CPU.Build.0 = Release|Any CPU
		{03654A32-D8B7-4839-9918-2A69A8E9B7C9}.Debug|Any CPU.ActiveCfg = Debug|Any CPU
		{03654A32-D8B7-4839-9918-2A69A8E9B7C9}.Debug|Any CPU.Build.0 = Debug|Any CPU
		{03654A32-D8B7-4839-9918-2A69A8E9B7C9}.Release|Any CPU.ActiveCfg = Release|Any CPU
		{03654A32-D8B7-4839-9918-2A69A8E9B7C9}.Release|Any CPU.Build.0 = Release|Any CPU
	EndGlobalSection
	GlobalSection(SolutionProperties) = preSolution
		HideSolutionNode = FALSE
	EndGlobalSection
	GlobalSection(ExtensibilityGlobals) = postSolution
		SolutionGuid = {C7C36390-03AD-4BD5-831B-AF80944EFEAD}
	EndGlobalSection
EndGlobal
