
Microsoft Visual Studio Solution File, Format Version 12.00
# Visual Studio Version 16
VisualStudioVersion = 16.0.30225.117
MinimumVisualStudioVersion = 10.0.40219.1
Project("{9A19103F-16F7-4668-BE54-9A1E7A4F7556}") = "BookShop", "BookShop\BookShop.csproj", "{B278E15B-F872-4067-B7EB-B7FECA6349D5}"
EndProject
Project("{FAE04EC0-301F-11D3-BF4B-00C04F79EFBC}") = "BookShopTests", "BookShopTests\BookShopTests.csproj", "{52E49AA0-B4D9-4634-83E8-7EB3EA9B0F00}"
EndProject
Global
	GlobalSection(SolutionConfigurationPlatforms) = preSolution
		Debug|Any CPU = Debug|Any CPU
		Release|Any CPU = Release|Any CPU
	EndGlobalSection
	GlobalSection(ProjectConfigurationPlatforms) = postSolution
		{B278E15B-F872-4067-B7EB-B7FECA6349D5}.Debug|Any CPU.ActiveCfg = Debug|Any CPU
		{B278E15B-F872-4067-B7EB-B7FECA6349D5}.Debug|Any CPU.Build.0 = Debug|Any CPU
		{B278E15B-F872-4067-B7EB-B7FECA6349D5}.Release|Any CPU.ActiveCfg = Release|Any CPU
		{B278E15B-F872-4067-B7EB-B7FECA6349D5}.Release|Any CPU.Build.0 = Release|Any CPU
		{52E49AA0-B4D9-4634-83E8-7EB3EA9B0F00}.Debug|Any CPU.ActiveCfg = Debug|Any CPU
		{52E49AA0-B4D9-4634-83E8-7EB3EA9B0F00}.Debug|Any CPU.Build.0 = Debug|Any CPU
		{52E49AA0-B4D9-4634-83E8-7EB3EA9B0F00}.Release|Any CPU.ActiveCfg = Release|Any CPU
		{52E49AA0-B4D9-4634-83E8-7EB3EA9B0F00}.Release|Any CPU.Build.0 = Release|Any CPU
	EndGlobalSection
	GlobalSection(SolutionProperties) = preSolution
		HideSolutionNode = FALSE
	EndGlobalSection
	GlobalSection(ExtensibilityGlobals) = postSolution
		SolutionGuid = {4B9400BF-21DC-4B20-9B6A-F252EAF9D6E8}
	EndGlobalSection
EndGlobal
